// !$*UTF8*$!
{
	archiveVersion = 1;
	classes = {
	};
	objectVersion = 56;
	objects = {

/* Begin PBXBuildFile section */
		8A73797B293FD40F00CAF42A /* AppDelegate.swift in Sources */ = {isa = PBXBuildFile; fileRef = 8A73797A293FD40F00CAF42A /* AppDelegate.swift */; };
		8A73797D293FD40F00CAF42A /* SceneDelegate.swift in Sources */ = {isa = PBXBuildFile; fileRef = 8A73797C293FD40F00CAF42A /* SceneDelegate.swift */; };
		8A73797F293FD40F00CAF42A /* ViewController.swift in Sources */ = {isa = PBXBuildFile; fileRef = 8A73797E293FD40F00CAF42A /* ViewController.swift */; };
		8A737982293FD40F00CAF42A /* Main.storyboard in Resources */ = {isa = PBXBuildFile; fileRef = 8A737980293FD40F00CAF42A /* Main.storyboard */; };
		8A737984293FD41100CAF42A /* Assets.xcassets in Resources */ = {isa = PBXBuildFile; fileRef = 8A737983293FD41100CAF42A /* Assets.xcassets */; };
		8A737987293FD41100CAF42A /* LaunchScreen.storyboard in Resources */ = {isa = PBXBuildFile; fileRef = 8A737985293FD41100CAF42A /* LaunchScreen.storyboard */; };
		8A73798F293FD64200CAF42A /* Bublik.swift in Sources */ = {isa = PBXBuildFile; fileRef = 8A73798E293FD64200CAF42A /* Bublik.swift */; };
		8A737991293FEB9D00CAF42A /* Square.swift in Sources */ = {isa = PBXBuildFile; fileRef = 8A737990293FEB9D00CAF42A /* Square.swift */; };
/* End PBXBuildFile section */

/* Begin PBXFileReference section */
		8A737977293FD40F00CAF42A /* Bublik.app */ = {isa = PBXFileReference; explicitFileType = wrapper.application; includeInIndex = 0; path = Bublik.app; sourceTree = BUILT_PRODUCTS_DIR; };
		8A73797A293FD40F00CAF42A /* AppDelegate.swift */ = {isa = PBXFileReference; lastKnownFileType = sourcecode.swift; path = AppDelegate.swift; sourceTree = "<group>"; };
		8A73797C293FD40F00CAF42A /* SceneDelegate.swift */ = {isa = PBXFileReference; lastKnownFileType = sourcecode.swift; path = SceneDelegate.swift; sourceTree = "<group>"; };
		8A73797E293FD40F00CAF42A /* ViewController.swift */ = {isa = PBXFileReference; lastKnownFileType = sourcecode.swift; path = ViewController.swift; sourceTree = "<group>"; };
		8A737981293FD40F00CAF42A /* Base */ = {isa = PBXFileReference; lastKnownFileType = file.storyboard; name = Base; path = Base.lproj/Main.storyboard; sourceTree = "<group>"; };
		8A737983293FD41100CAF42A /* Assets.xcassets */ = {isa = PBXFileReference; lastKnownFileType = folder.assetcatalog; path = Assets.xcassets; sourceTree = "<group>"; };
		8A737986293FD41100CAF42A /* Base */ = {isa = PBXFileReference; lastKnownFileType = file.storyboard; name = Base; path = Base.lproj/LaunchScreen.storyboard; sourceTree = "<group>"; };
		8A737988293FD41100CAF42A /* Info.plist */ = {isa = PBXFileReference; lastKnownFileType = text.plist.xml; path = Info.plist; sourceTree = "<group>"; };
		8A73798E293FD64200CAF42A /* Bublik.swift */ = {isa = PBXFileReference; lastKnownFileType = sourcecode.swift; path = Bublik.swift; sourceTree = "<group>"; };
		8A737990293FEB9D00CAF42A /* Square.swift */ = {isa = PBXFileReference; lastKnownFileType = sourcecode.swift; path = Square.swift; sourceTree = "<group>"; };
/* End PBXFileReference section */

/* Begin PBXFrameworksBuildPhase section */
		8A737974293FD40F00CAF42A /* Frameworks */ = {
			isa = PBXFrameworksBuildPhase;
			buildActionMask = 2147483647;
			files = (
			);
			runOnlyForDeploymentPostprocessing = 0;
		};
/* End PBXFrameworksBuildPhase section */

/* Begin PBXGroup section */
		8A73796E293FD40F00CAF42A = {
			isa = PBXGroup;
			children = (
				8A737979293FD40F00CAF42A /* Bublik */,
				8A737978293FD40F00CAF42A /* Products */,
			);
			sourceTree = "<group>";
		};
		8A737978293FD40F00CAF42A /* Products */ = {
			isa = PBXGroup;
			children = (
				8A737977293FD40F00CAF42A /* Bublik.app */,
			);
			name = Products;
			sourceTree = "<group>";
		};
		8A737979293FD40F00CAF42A /* Bublik */ = {
			isa = PBXGroup;
			children = (
				8A73797A293FD40F00CAF42A /* AppDelegate.swift */,
				8A73797C293FD40F00CAF42A /* SceneDelegate.swift */,
				8A73797E293FD40F00CAF42A /* ViewController.swift */,
				8A73798E293FD64200CAF42A /* Bublik.swift */,
				8A737990293FEB9D00CAF42A /* Square.swift */,
				8A737980293FD40F00CAF42A /* Main.storyboard */,
				8A737983293FD41100CAF42A /* Assets.xcassets */,
				8A737985293FD41100CAF42A /* LaunchScreen.storyboard */,
				8A737988293FD41100CAF42A /* Info.plist */,
			);
			path = Bublik;
			sourceTree = "<group>";
		};
/* End PBXGroup section */

/* Begin PBXNativeTarget section */
		8A737976293FD40F00CAF42A /* Bublik */ = {
			isa = PBXNativeTarget;
			buildConfigurationList = 8A73798B293FD41100CAF42A /* Build configuration list for PBXNativeTarget "Bublik" */;
			buildPhases = (
				8A737973293FD40F00CAF42A /* Sources */,
				8A737974293FD40F00CAF42A /* Frameworks */,
				8A737975293FD40F00CAF42A /* Resources */,
			);
			buildRules = (
			);
			dependencies = (
			);
			name = Bublik;
			productName = Bublik;
			productReference = 8A737977293FD40F00CAF42A /* Bublik.app */;
			productType = "com.apple.product-type.application";
		};
/* End PBXNativeTarget section */

/* Begin PBXProject section */
		8A73796F293FD40F00CAF42A /* Project object */ = {
			isa = PBXProject;
			attributes = {
				BuildIndependentTargetsInParallel = 1;
				LastSwiftUpdateCheck = 1410;
				LastUpgradeCheck = 1410;
				TargetAttributes = {
					8A737976293FD40F00CAF42A = {
						CreatedOnToolsVersion = 14.1;
					};
				};
			};
			buildConfigurationList = 8A737972293FD40F00CAF42A /* Build configuration list for PBXProject "Bublik" */;
			compatibilityVersion = "Xcode 14.0";
			developmentRegion = en;
			hasScannedForEncodings = 0;
			knownRegions = (
				en,
				Base,
			);
			mainGroup = 8A73796E293FD40F00CAF42A;
			productRefGroup = 8A737978293FD40F00CAF42A /* Products */;
			projectDirPath = "";
			projectRoot = "";
			targets = (
				8A737976293FD40F00CAF42A /* Bublik */,
			);
		};
/* End PBXProject section */

/* Begin PBXResourcesBuildPhase section */
		8A737975293FD40F00CAF42A /* Resources */ = {
			isa = PBXResourcesBuildPhase;
			buildActionMask = 2147483647;
			files = (
				8A737987293FD41100CAF42A /* LaunchScreen.storyboard in Resources */,
				8A737984293FD41100CAF42A /* Assets.xcassets in Resources */,
				8A737982293FD40F00CAF42A /* Main.storyboard in Resources */,
			);
			runOnlyForDeploymentPostprocessing = 0;
		};
/* End PBXResourcesBuildPhase section */

/* Begin PBXSourcesBuildPhase section */
		8A737973293FD40F00CAF42A /* Sources */ = {
			isa = PBXSourcesBuildPhase;
			buildActionMask = 2147483647;
			files = (
				8A737991293FEB9D00CAF42A /* Square.swift in Sources */,
				8A73798F293FD64200CAF42A /* Bublik.swift in Sources */,
				8A73797F293FD40F00CAF42A /* ViewController.swift in Sources */,
				8A73797B293FD40F00CAF42A /* AppDelegate.swift in Sources */,
				8A73797D293FD40F00CAF42A /* SceneDelegate.swift in Sources */,
			);
			runOnlyForDeploymentPostprocessing = 0;
		};
/* End PBXSourcesBuildPhase section */

/* Begin PBXVariantGroup section */
		8A737980293FD40F00CAF42A /* Main.storyboard */ = {
			isa = PBXVariantGroup;
			children = (
				8A737981293FD40F00CAF42A /* Base */,
			);
			name = Main.storyboard;
			sourceTree = "<group>";
		};
		8A737985293FD41100CAF42A /* LaunchScreen.storyboard */ = {
			isa = PBXVariantGroup;
			children = (
				8A737986293FD41100CAF42A /* Base */,
			);
			name = LaunchScreen.storyboard;
			sourceTree = "<group>";
		};
/* End PBXVariantGroup section */

/* Begin XCBuildConfiguration section */
		8A737989293FD41100CAF42A /* Debug */ = {
			isa = XCBuildConfiguration;
			buildSettings = {
				ALWAYS_SEARCH_USER_PATHS = NO;
				CLANG_ANALYZER_NONNULL = YES;
				CLANG_ANALYZER_NUMBER_OBJECT_CONVERSION = YES_AGGRESSIVE;
				CLANG_CXX_LANGUAGE_STANDARD = "gnu++20";
				CLANG_ENABLE_MODULES = YES;
				CLANG_ENABLE_OBJC_ARC = YES;
				CLANG_ENABLE_OBJC_WEAK = YES;
				CLANG_WARN_BLOCK_CAPTURE_AUTORELEASING = YES;
				CLANG_WARN_BOOL_CONVERSION = YES;
				CLANG_WARN_COMMA = YES;
				CLANG_WARN_CONSTANT_CONVERSION = YES;
				CLANG_WARN_DEPRECATED_OBJC_IMPLEMENTATIONS = YES;
				CLANG_WARN_DIRECT_OBJC_ISA_USAGE = YES_ERROR;
				CLANG_WARN_DOCUMENTATION_COMMENTS = YES;
				CLANG_WARN_EMPTY_BODY = YES;
				CLANG_WARN_ENUM_CONVERSION = YES;
				CLANG_WARN_INFINITE_RECURSION = YES;
				CLANG_WARN_INT_CONVERSION = YES;
				CLANG_WARN_NON_LITERAL_NULL_CONVERSION = YES;
				CLANG_WARN_OBJC_IMPLICIT_RETAIN_SELF = YES;
				CLANG_WARN_OBJC_LITERAL_CONVERSION = YES;
				CLANG_WARN_OBJC_ROOT_CLASS = YES_ERROR;
				CLANG_WARN_QUOTED_INCLUDE_IN_FRAMEWORK_HEADER = YES;
				CLANG_WARN_RANGE_LOOP_ANALYSIS = YES;
				CLANG_WARN_STRICT_PROTOTYPES = YES;
				CLANG_WARN_SUSPICIOUS_MOVE = YES;
				CLANG_WARN_UNGUARDED_AVAILABILITY = YES_AGGRESSIVE;
				CLANG_WARN_UNREACHABLE_CODE = YES;
				CLANG_WARN__DUPLICATE_METHOD_MATCH = YES;
				COPY_PHASE_STRIP = NO;
				DEBUG_INFORMATION_FORMAT = dwarf;
				ENABLE_STRICT_OBJC_MSGSEND = YES;
				ENABLE_TESTABILITY = YES;
				GCC_C_LANGUAGE_STANDARD = gnu11;
				GCC_DYNAMIC_NO_PIC = NO;
				GCC_NO_COMMON_BLOCKS = YES;
				GCC_OPTIMIZATION_LEVEL = 0;
				GCC_PREPROCESSOR_DEFINITIONS = (
					"DEBUG=1",
					"$(inherited)",
				);
				GCC_WARN_64_TO_32_BIT_CONVERSION = YES;
				GCC_WARN_ABOUT_RETURN_TYPE = YES_ERROR;
				GCC_WARN_UNDECLARED_SELECTOR = YES;
				GCC_WARN_UNINITIALIZED_AUTOS = YES_AGGRESSIVE;
				GCC_WARN_UNUSED_FUNCTION = YES;
				GCC_WARN_UNUSED_VARIABLE = YES;
				IPHONEOS_DEPLOYMENT_TARGET = 16.1;
				MTL_ENABLE_DEBUG_INFO = INCLUDE_SOURCE;
				MTL_FAST_MATH = YES;
				ONLY_ACTIVE_ARCH = YES;
				SDKROOT = iphoneos;
				SWIFT_ACTIVE_COMPILATION_CONDITIONS = DEBUG;
				SWIFT_OPTIMIZATION_LEVEL = "-Onone";
			};
			name = Debug;
		};
		8A73798A293FD41100CAF42A /* Release */ = {
			isa = XCBuildConfiguration;
			buildSettings = {
				ALWAYS_SEARCH_USER_PATHS = NO;
				CLANG_ANALYZER_NONNULL = YES;
				CLANG_ANALYZER_NUMBER_OBJECT_CONVERSION = YES_AGGRESSIVE;
				CLANG_CXX_LANGUAGE_STANDARD = "gnu++20";
				CLANG_ENABLE_MODULES = YES;
				CLANG_ENABLE_OBJC_ARC = YES;
				CLANG_ENABLE_OBJC_WEAK = YES;
				CLANG_WARN_BLOCK_CAPTURE_AUTORELEASING = YES;
				CLANG_WARN_BOOL_CONVERSION = YES;
				CLANG_WARN_COMMA = YES;
				CLANG_WARN_CONSTANT_CONVERSION = YES;
				CLANG_WARN_DEPRECATED_OBJC_IMPLEMENTATIONS = YES;
				CLANG_WARN_DIRECT_OBJC_ISA_USAGE = YES_ERROR;
				CLANG_WARN_DOCUMENTATION_COMMENTS = YES;
				CLANG_WARN_EMPTY_BODY = YES;
				CLANG_WARN_ENUM_CONVERSION = YES;
				CLANG_WARN_INFINITE_RECURSION = YES;
				CLANG_WARN_INT_CONVERSION = YES;
				CLANG_WARN_NON_LITERAL_NULL_CONVERSION = YES;
				CLANG_WARN_OBJC_IMPLICIT_RETAIN_SELF = YES;
				CLANG_WARN_OBJC_LITERAL_CONVERSION = YES;
				CLANG_WARN_OBJC_ROOT_CLASS = YES_ERROR;
				CLANG_WARN_QUOTED_INCLUDE_IN_FRAMEWORK_HEADER = YES;
				CLANG_WARN_RANGE_LOOP_ANALYSIS = YES;
				CLANG_WARN_STRICT_PROTOTYPES = YES;
				CLANG_WARN_SUSPICIOUS_MOVE = YES;
				CLANG_WARN_UNGUARDED_AVAILABILITY = YES_AGGRESSIVE;
				CLANG_WARN_UNREACHABLE_CODE = YES;
				CLANG_WARN__DUPLICATE_METHOD_MATCH = YES;
				COPY_PHASE_STRIP = NO;
				DEBUG_INFORMATION_FORMAT = "dwarf-with-dsym";
				ENABLE_NS_ASSERTIONS = NO;
				ENABLE_STRICT_OBJC_MSGSEND = YES;
				GCC_C_LANGUAGE_STANDARD = gnu11;
				GCC_NO_COMMON_BLOCKS = YES;
				GCC_WARN_64_TO_32_BIT_CONVERSION = YES;
				GCC_WARN_ABOUT_RETURN_TYPE = YES_ERROR;
				GCC_WARN_UNDECLARED_SELECTOR = YES;
				GCC_WARN_UNINITIALIZED_AUTOS = YES_AGGRESSIVE;
				GCC_WARN_UNUSED_FUNCTION = YES;
				GCC_WARN_UNUSED_VARIABLE = YES;
				IPHONEOS_DEPLOYMENT_TARGET = 16.1;
				MTL_ENABLE_DEBUG_INFO = NO;
				MTL_FAST_MATH = YES;
				SDKROOT = iphoneos;
				SWIFT_COMPILATION_MODE = wholemodule;
				SWIFT_OPTIMIZATION_LEVEL = "-O";
				VALIDATE_PRODUCT = YES;
			};
			name = Release;
		};
		8A73798C293FD41100CAF42A /* Debug */ = {
			isa = XCBuildConfiguration;
			buildSettings = {
				ASSETCATALOG_COMPILER_APPICON_NAME = AppIcon;
				ASSETCATALOG_COMPILER_GLOBAL_ACCENT_COLOR_NAME = AccentColor;
				CODE_SIGN_STYLE = Automatic;
				CURRENT_PROJECT_VERSION = 1;
				DEVELOPMENT_TEAM = S47ZA2XNXC;
				GENERATE_INFOPLIST_FILE = YES;
				INFOPLIST_FILE = Bublik/Info.plist;
				INFOPLIST_KEY_UIApplicationSupportsIndirectInputEvents = YES;
				INFOPLIST_KEY_UILaunchStoryboardName = LaunchScreen;
				INFOPLIST_KEY_UIMainStoryboardFile = Main;
				INFOPLIST_KEY_UISupportedInterfaceOrientations_iPad = "UIInterfaceOrientationPortrait UIInterfaceOrientationPortraitUpsideDown UIInterfaceOrientationLandscapeLeft UIInterfaceOrientationLandscapeRight";
				INFOPLIST_KEY_UISupportedInterfaceOrientations_iPhone = "UIInterfaceOrientationPortrait UIInterfaceOrientationLandscapeLeft UIInterfaceOrientationLandscapeRight";
				LD_RUNPATH_SEARCH_PATHS = (
					"$(inherited)",
					"@executable_path/Frameworks",
				);
				MARKETING_VERSION = 1.0;
				PRODUCT_BUNDLE_IDENTIFIER = com.example.Bublik;
				PRODUCT_NAME = "$(TARGET_NAME)";
				SWIFT_EMIT_LOC_STRINGS = YES;
				SWIFT_VERSION = 5.0;
				TARGETED_DEVICE_FAMILY = "1,2";
			};
			name = Debug;
		};
		8A73798D293FD41100CAF42A /* Release */ = {
			isa = XCBuildConfiguration;
			buildSettings = {
				ASSETCATALOG_COMPILER_APPICON_NAME = AppIcon;
				ASSETCATALOG_COMPILER_GLOBAL_ACCENT_COLOR_NAME = AccentColor;
				CODE_SIGN_STYLE = Automatic;
				CURRENT_PROJECT_VERSION = 1;
				DEVELOPMENT_TEAM = S47ZA2XNXC;
				GENERATE_INFOPLIST_FILE = YES;
				INFOPLIST_FILE = Bublik/Info.plist;
				INFOPLIST_KEY_UIApplicationSupportsIndirectInputEvents = YES;
				INFOPLIST_KEY_UILaunchStoryboardName = LaunchScreen;
				INFOPLIST_KEY_UIMainStoryboardFile = Main;
				INFOPLIST_KEY_UISupportedInterfaceOrientations_iPad = "UIInterfaceOrientationPortrait UIInterfaceOrientationPortraitUpsideDown UIInterfaceOrientationLandscapeLeft UIInterfaceOrientationLandscapeRight";
				INFOPLIST_KEY_UISupportedInterfaceOrientations_iPhone = "UIInterfaceOrientationPortrait UIInterfaceOrientationLandscapeLeft UIInterfaceOrientationLandscapeRight";
				LD_RUNPATH_SEARCH_PATHS = (
					"$(inherited)",
					"@executable_path/Frameworks",
				);
				MARKETING_VERSION = 1.0;
				PRODUCT_BUNDLE_IDENTIFIER = com.example.Bublik;
				PRODUCT_NAME = "$(TARGET_NAME)";
				SWIFT_EMIT_LOC_STRINGS = YES;
				SWIFT_VERSION = 5.0;
				TARGETED_DEVICE_FAMILY = "1,2";
			};
			name = Release;
		};
/* End XCBuildConfiguration section */

/* Begin XCConfigurationList section */
		8A737972293FD40F00CAF42A /* Build configuration list for PBXProject "Bublik" */ = {
			isa = XCConfigurationList;
			buildConfigurations = (
				8A737989293FD41100CAF42A /* Debug */,
				8A73798A293FD41100CAF42A /* Release */,
			);
			defaultConfigurationIsVisible = 0;
			defaultConfigurationName = Release;
		};
		8A73798B293FD41100CAF42A /* Build configuration list for PBXNativeTarget "Bublik" */ = {
			isa = XCConfigurationList;
			buildConfigurations = (
				8A73798C293FD41100CAF42A /* Debug */,
				8A73798D293FD41100CAF42A /* Release */,
			);
			defaultConfigurationIsVisible = 0;
			defaultConfigurationName = Release;
		};
/* End XCConfigurationList section */
	};
	rootObject = 8A73796F293FD40F00CAF42A /* Project object */;
}
